
Microsoft Visual Studio Solution File, Format Version 12.00
# Visual Studio Version 16
VisualStudioVersion = 16.0.29102.190
MinimumVisualStudioVersion = 10.0.40219.1
Project("{FAE04EC0-301F-11D3-BF4B-00C04F79EFBC}") = "Tarea1ProgramacionEstructurada", "Tarea1ProgramacionEstructurada\Tarea1ProgramacionEstructurada.csproj", "{FEDD0BA4-7E08-4C47-BD5C-AD4BE590AFE2}"
EndProject
Global
	GlobalSection(SolutionConfigurationPlatforms) = preSolution
		Debug|Any CPU = Debug|Any CPU
		Release|Any CPU = Release|Any CPU
	EndGlobalSection
	GlobalSection(ProjectConfigurationPlatforms) = postSolution
		{FEDD0BA4-7E08-4C47-BD5C-AD4BE590AFE2}.Debug|Any CPU.ActiveCfg = Debug|Any CPU
		{FEDD0BA4-7E08-4C47-BD5C-AD4BE590AFE2}.Debug|Any CPU.Build.0 = Debug|Any CPU
		{FEDD0BA4-7E08-4C47-BD5C-AD4BE590AFE2}.Release|Any CPU.ActiveCfg = Release|Any CPU
		{FEDD0BA4-7E08-4C47-BD5C-AD4BE590AFE2}.Release|Any CPU.Build.0 = Release|Any CPU
	EndGlobalSection
	GlobalSection(SolutionProperties) = preSolution
		HideSolutionNode = FALSE
	EndGlobalSection
	GlobalSection(ExtensibilityGlobals) = postSolution
		SolutionGuid = {EE3B6C2D-A065-46A7-962A-79DE00C7797D}
	EndGlobalSection
EndGlobal
