
Microsoft Visual Studio Solution File, Format Version 12.00
# Visual Studio Version 16
VisualStudioVersion = 16.0.29102.190
MinimumVisualStudioVersion = 10.0.40219.1
Project("{FAE04EC0-301F-11D3-BF4B-00C04F79EFBC}") = "William", "William\William.csproj", "{88DB44A5-BA72-43A3-BFD3-F50615336542}"
EndProject
Global
	GlobalSection(SolutionConfigurationPlatforms) = preSolution
		Debug|Any CPU = Debug|Any CPU
		Release|Any CPU = Release|Any CPU
	EndGlobalSection
	GlobalSection(ProjectConfigurationPlatforms) = postSolution
		{88DB44A5-BA72-43A3-BFD3-F50615336542}.Debug|Any CPU.ActiveCfg = Debug|Any CPU
		{88DB44A5-BA72-43A3-BFD3-F50615336542}.Debug|Any CPU.Build.0 = Debug|Any CPU
		{88DB44A5-BA72-43A3-BFD3-F50615336542}.Release|Any CPU.ActiveCfg = Release|Any CPU
		{88DB44A5-BA72-43A3-BFD3-F50615336542}.Release|Any CPU.Build.0 = Release|Any CPU
	EndGlobalSection
	GlobalSection(SolutionProperties) = preSolution
		HideSolutionNode = FALSE
	EndGlobalSection
	GlobalSection(ExtensibilityGlobals) = postSolution
		SolutionGuid = {17C0DFFE-5644-4207-ABF1-53DCF75F24AD}
	EndGlobalSection
EndGlobal
