
Microsoft Visual Studio Solution File, Format Version 12.00
# Visual Studio Version 16
VisualStudioVersion = 16.0.29102.190
MinimumVisualStudioVersion = 10.0.40219.1
Project("{FAE04EC0-301F-11D3-BF4B-00C04F79EFBC}") = "steven", "steven\steven.csproj", "{725ECF88-DBF7-43B6-A118-410493A78B7E}"
EndProject
Global
	GlobalSection(SolutionConfigurationPlatforms) = preSolution
		Debug|Any CPU = Debug|Any CPU
		Release|Any CPU = Release|Any CPU
	EndGlobalSection
	GlobalSection(ProjectConfigurationPlatforms) = postSolution
		{725ECF88-DBF7-43B6-A118-410493A78B7E}.Debug|Any CPU.ActiveCfg = Debug|Any CPU
		{725ECF88-DBF7-43B6-A118-410493A78B7E}.Debug|Any CPU.Build.0 = Debug|Any CPU
		{725ECF88-DBF7-43B6-A118-410493A78B7E}.Release|Any CPU.ActiveCfg = Release|Any CPU
		{725ECF88-DBF7-43B6-A118-410493A78B7E}.Release|Any CPU.Build.0 = Release|Any CPU
	EndGlobalSection
	GlobalSection(SolutionProperties) = preSolution
		HideSolutionNode = FALSE
	EndGlobalSection
	GlobalSection(ExtensibilityGlobals) = postSolution
		SolutionGuid = {A6628282-902C-40FE-AD4A-BC30FC2A15E1}
	EndGlobalSection
EndGlobal
